{
    "name": "ws",
    "version": "1.0.0",
    "lockfileVersion": 2,
    "requires": true,
    "packages": {
        "": {
            "name": "ws",
            "version": "1.0.0",
            "license": "ISC",
            "dependencies": {
                "@types/ws": "^8.2.2",
                "ws": "^1.1.5"
            }
        },
        "node_modules/@types/node": {
            "version": "17.0.5",
            "resolved": "https://registry.npmjs.org/@types/node/-/node-17.0.5.tgz",
            "integrity": "sha512-w3mrvNXLeDYV1GKTZorGJQivK6XLCoGwpnyJFbJVK/aTBQUxOCaa/GlFAAN3OTDFcb7h5tiFG+YXCO2By+riZw=="
        },
        "node_modules/@types/ws": {
            "version": "8.2.2",
            "resolved": "https://registry.npmjs.org/@types/ws/-/ws-8.2.2.tgz",
            "integrity": "sha512-NOn5eIcgWLOo6qW8AcuLZ7G8PycXu0xTxxkS6Q18VWFxgPUSOwV0pBj2a/4viNZVu25i7RIB7GttdkAIUUXOOg==",
            "dependencies": {
                "@types/node": "*"
            }
        },
        "node_modules/options": {
            "version": "0.0.6",
            "engines": {
                "node": ">=0.4.0"
            }
        },
        "node_modules/ultron": {
            "version": "1.0.2",
            "license": "MIT"
        },
        "node_modules/ws": {
            "version": "1.1.5",
            "resolved": "https://registry.npmjs.org/ws/-/ws-1.1.5.tgz",
            "integrity": "sha512-o3KqipXNUdS7wpQzBHSe180lBGO60SoK0yVo3CYJgb2MkobuWuBX6dhkYP5ORCLd55y+SaflMOV5fqAB53ux4w==",
            "dependencies": {
                "options": ">=0.0.5",
                "ultron": "1.0.x"
            }
        }
    },
    "dependencies": {
        "@types/node": {
            "version": "17.0.5",
            "resolved": "https://registry.npmjs.org/@types/node/-/node-17.0.5.tgz",
            "integrity": "sha512-w3mrvNXLeDYV1GKTZorGJQivK6XLCoGwpnyJFbJVK/aTBQUxOCaa/GlFAAN3OTDFcb7h5tiFG+YXCO2By+riZw=="
        },
        "@types/ws": {
            "version": "8.2.2",
            "resolved": "https://registry.npmjs.org/@types/ws/-/ws-8.2.2.tgz",
            "integrity": "sha512-NOn5eIcgWLOo6qW8AcuLZ7G8PycXu0xTxxkS6Q18VWFxgPUSOwV0pBj2a/4viNZVu25i7RIB7GttdkAIUUXOOg==",
            "requires": {
                "@types/node": "*"
            }
        },
        "options": {
            "version": "0.0.6"
        },
        "ultron": {
            "version": "1.0.2"
        },
        "ws": {
            "version": "1.1.5",
            "resolved": "https://registry.npmjs.org/ws/-/ws-1.1.5.tgz",
            "integrity": "sha512-o3KqipXNUdS7wpQzBHSe180lBGO60SoK0yVo3CYJgb2MkobuWuBX6dhkYP5ORCLd55y+SaflMOV5fqAB53ux4w==",
            "requires": {
                "options": ">=0.0.5",
                "ultron": "1.0.x"
            }
        }
    }
}
